{
  "name": "image",
  "version": "1.0.0",
  "lockfileVersion": 1,
  "requires": true,
  "dependencies": {
    "address": {
      "version": "1.0.3",
      "resolved": "https://registry.npmjs.org/address/-/address-1.0.3.tgz",
      "integrity": "sha512-z55ocwKBRLryBs394Sm3ushTtBeg6VAeuku7utSoSnsJKvKcnXFIyC6vh27n3rXyxSgkJBBCAvyOn7gSUcTYjg=="
    },
    "buffer-equal": {
      "version": "0.0.1",
      "resolved": "https://registry.npmjs.org/buffer-equal/-/buffer-equal-0.0.1.tgz",
      "integrity": "sha1-kbx0sR6kBbyRa8aqkI+q+ltKrEs="
    },
    "iconv-lite": {
      "version": "0.2.11",
      "resolved": "https://registry.npmjs.org/iconv-lite/-/iconv-lite-0.2.11.tgz",
      "integrity": "sha1-HOYKOleGSiktEyH/RgnKS7llrcg="
    },
    "image-type": {
      "version": "1.0.0",
      "resolved": "https://registry.npmjs.org/image-type/-/image-type-1.0.0.tgz",
      "integrity": "sha1-3nRlZIHw/3DSh5fQWqRZQW2/ymc=",
      "requires": {
        "is-bmp": "^1.0.0",
        "is-gif": "^1.0.0",
        "is-jpg": "^1.0.0",
        "is-jxr": "^1.0.0",
        "is-png": "^1.0.0",
        "is-psd": "^1.0.0",
        "is-tif": "^1.0.0",
        "is-webp": "^1.0.0"
      }
    },
    "is-bmp": {
      "version": "1.0.1",
      "resolved": "https://registry.npmjs.org/is-bmp/-/is-bmp-1.0.1.tgz",
      "integrity": "sha512-xMHM1A7OssYXcA/6hMN222KVQkSAG2HxnzGqKl6Kgzh+Dapj9bMI4UeGd3deytw/DpptGAq1HPDHQhWQtis+Ew=="
    },
    "is-gif": {
      "version": "1.0.0",
      "resolved": "https://registry.npmjs.org/is-gif/-/is-gif-1.0.0.tgz",
      "integrity": "sha1-ptKumIkwB7/6l6HYwB1jIFgyCX4="
    },
    "is-jpg": {
      "version": "1.0.1",
      "resolved": "https://registry.npmjs.org/is-jpg/-/is-jpg-1.0.1.tgz",
      "integrity": "sha1-KW1X/dmc4BBDSnKD40armhA16XU="
    },
    "is-jxr": {
      "version": "1.0.1",
      "resolved": "https://registry.npmjs.org/is-jxr/-/is-jxr-1.0.1.tgz",
      "integrity": "sha1-zDQSz+DLeEWQxcv87Q0TwDR/8Ck="
    },
    "is-png": {
      "version": "1.1.0",
      "resolved": "https://registry.npmjs.org/is-png/-/is-png-1.1.0.tgz",
      "integrity": "sha1-1XSxK/J1wDUEVVcLDltXqwYgd84="
    },
    "is-psd": {
      "version": "1.0.1",
      "resolved": "https://registry.npmjs.org/is-psd/-/is-psd-1.0.1.tgz",
      "integrity": "sha512-xypq6EZdJepbBhEY9of8FkWUBgSVWqktLlkzSROkAPmTN+aHL4hqnS/pnLpHjTnRDSTYPeIb49CmCKaHL8NG0A=="
    },
    "is-tif": {
      "version": "1.0.1",
      "resolved": "https://registry.npmjs.org/is-tif/-/is-tif-1.0.1.tgz",
      "integrity": "sha512-QmOJLD2f4jjQZSDS2mJ85AornoVjCwrv/aBjm4RWatLF2nSsHxTkuYkHpKKV/BvQVg4U2sASc56G7rXwUIWRTw=="
    },
    "is-webp": {
      "version": "1.0.1",
      "resolved": "https://registry.npmjs.org/is-webp/-/is-webp-1.0.1.tgz",
      "integrity": "sha512-yWlD81yjeMLEloQjM5USNA31Slcabi1tZupHAobQkfHTvWwYsZiu0VFTFUqeCbMDTB/Lb14LYjwAClJABZnuMA=="
    },
    "isnumber": {
      "version": "1.0.0",
      "resolved": "https://registry.npmjs.org/isnumber/-/isnumber-1.0.0.tgz",
      "integrity": "sha1-Dj+XWbWB2Z3YUIbw7Cp0kJz63QE="
    },
    "jpeg-js": {
      "version": "0.1.2",
      "resolved": "https://registry.npmjs.org/jpeg-js/-/jpeg-js-0.1.2.tgz",
      "integrity": "sha1-E1uZLAV1yYXPoPSUoyJ+0jhYPs4="
    },
    "omggif": {
      "version": "1.0.9",
      "resolved": "https://registry.npmjs.org/omggif/-/omggif-1.0.9.tgz",
      "integrity": "sha1-3LcCTazVDFK00wPwSALJHAV8dl8="
    },
    "pixel-getter": {
      "version": "0.0.5",
      "resolved": "https://registry.npmjs.org/pixel-getter/-/pixel-getter-0.0.5.tgz",
      "integrity": "sha1-Htmq8HJiSHvLqLXBZnJz6h/vZ90=",
      "requires": {
        "image-type": "~1.0.0",
        "jpeg-js": "~0.1.1",
        "png-js": "~0.1.1",
        "readimage": "~1.1.1",
        "spidex": "~2.0.1"
      }
    },
    "png-js": {
      "version": "0.1.1",
      "resolved": "https://registry.npmjs.org/png-js/-/png-js-0.1.1.tgz",
      "integrity": "sha1-HMfCEjA6yr50Jj7DrHgAlYAkLZM="
    },
    "pngparse": {
      "version": "2.0.1",
      "resolved": "https://registry.npmjs.org/pngparse/-/pngparse-2.0.1.tgz",
      "integrity": "sha1-hoUt5N40n077HoUudSVlXlrF37g="
    },
    "readimage": {
      "version": "1.1.1",
      "resolved": "https://registry.npmjs.org/readimage/-/readimage-1.1.1.tgz",
      "integrity": "sha1-TNI2Uqe96lldUh/SVP7qJpLlw1w=",
      "requires": {
        "buffer-equal": "0.0.1",
        "isnumber": "^1.0.0",
        "jpeg-js": "0.0.4",
        "omggif": "^1.0.5",
        "pngparse": "^2.0.1"
      },
      "dependencies": {
        "jpeg-js": {
          "version": "0.0.4",
          "resolved": "https://registry.npmjs.org/jpeg-js/-/jpeg-js-0.0.4.tgz",
          "integrity": "sha1-Bqr0fv7HrwsZJKWc1pWm0rXthw4="
        }
      }
    },
    "spidex": {
      "version": "2.0.5",
      "resolved": "https://registry.npmjs.org/spidex/-/spidex-2.0.5.tgz",
      "integrity": "sha1-dAxC4zqwQy9jgB8mLanu8+eMvdI=",
      "requires": {
        "iconv-lite": "~0.2.11",
        "urlencode": "~0.2.0"
      }
    },
    "urlencode": {
      "version": "0.2.0",
      "resolved": "https://registry.npmjs.org/urlencode/-/urlencode-0.2.0.tgz",
      "integrity": "sha1-BXws2Z5biqQ39CEOZJ9KXleN6vo=",
      "requires": {
        "iconv-lite": "0.2.11",
        "utility": "0.1.13"
      }
    },
    "utility": {
      "version": "0.1.13",
      "resolved": "https://registry.npmjs.org/utility/-/utility-0.1.13.tgz",
      "integrity": "sha1-GkUhW53SLbe7TjKkgYdA4Ast0BQ=",
      "requires": {
        "address": ">=0.0.1"
      }
    }
  }
}
